
Microsoft Visual Studio Solution File, Format Version 12.00
# Visual Studio Version 17
VisualStudioVersion = 17.11.35312.102
MinimumVisualStudioVersion = 10.0.40219.1
Project("{9A19103F-16F7-4668-BE54-9A1E7A4F7556}") = "WebApp", "WebApp\WebApp.csproj", "{DA93D546-6337-4A2E-AA82-52DF33BCC7A7}"
EndProject
Project("{9A19103F-16F7-4668-BE54-9A1E7A4F7556}") = "Core", "Core\Core.csproj", "{C8F54CCE-0341-4D01-AC54-33B14A9CC897}"
EndProject
Project("{9A19103F-16F7-4668-BE54-9A1E7A4F7556}") = "Events", "Events\Events.csproj", "{587F8038-6C39-4DEF-8EE9-9E678A7D7D8C}"
EndProject
Project("{9A19103F-16F7-4668-BE54-9A1E7A4F7556}") = "Geography", "Geography\Geography.csproj", "{EF6707AC-363E-4DA3-B4D9-A219C52EC557}"
EndProject
Project("{9A19103F-16F7-4668-BE54-9A1E7A4F7556}") = "Media", "Media\Media.csproj", "{F38FAB57-902B-4910-B011-F6AECAE43C35}"
EndProject
Project("{9A19103F-16F7-4668-BE54-9A1E7A4F7556}") = "Customers", "Customers\Customers.csproj", "{E91C18EA-8A17-4D10-B503-F69DFE5A3DDC}"
EndProject
Project("{9A19103F-16F7-4668-BE54-9A1E7A4F7556}") = "Products", "Products\Products.csproj", "{2D38BAF0-EE0C-4D7A-B638-7A3C2887D532}"
EndProject
Project("{9A19103F-16F7-4668-BE54-9A1E7A4F7556}") = "Context", "Context\Context.csproj", "{E9CB6A3D-7ED7-493B-9FDF-BD52D8718659}"
EndProject
Project("{FAE04EC0-301F-11D3-BF4B-00C04F79EFBC}") = "Categories", "Categories\Categories.csproj", "{08C51A1C-B126-4B75-A571-DA4CD36EB675}"
EndProject
Global
	GlobalSection(SolutionConfigurationPlatforms) = preSolution
		Debug|Any CPU = Debug|Any CPU
		Release|Any CPU = Release|Any CPU
	EndGlobalSection
	GlobalSection(ProjectConfigurationPlatforms) = postSolution
		{DA93D546-6337-4A2E-AA82-52DF33BCC7A7}.Debug|Any CPU.ActiveCfg = Debug|Any CPU
		{DA93D546-6337-4A2E-AA82-52DF33BCC7A7}.Debug|Any CPU.Build.0 = Debug|Any CPU
		{DA93D546-6337-4A2E-AA82-52DF33BCC7A7}.Release|Any CPU.ActiveCfg = Release|Any CPU
		{DA93D546-6337-4A2E-AA82-52DF33BCC7A7}.Release|Any CPU.Build.0 = Release|Any CPU
		{C8F54CCE-0341-4D01-AC54-33B14A9CC897}.Debug|Any CPU.ActiveCfg = Debug|Any CPU
		{C8F54CCE-0341-4D01-AC54-33B14A9CC897}.Debug|Any CPU.Build.0 = Debug|Any CPU
		{C8F54CCE-0341-4D01-AC54-33B14A9CC897}.Release|Any CPU.ActiveCfg = Release|Any CPU
		{C8F54CCE-0341-4D01-AC54-33B14A9CC897}.Release|Any CPU.Build.0 = Release|Any CPU
		{587F8038-6C39-4DEF-8EE9-9E678A7D7D8C}.Debug|Any CPU.ActiveCfg = Debug|Any CPU
		{587F8038-6C39-4DEF-8EE9-9E678A7D7D8C}.Debug|Any CPU.Build.0 = Debug|Any CPU
		{587F8038-6C39-4DEF-8EE9-9E678A7D7D8C}.Release|Any CPU.ActiveCfg = Release|Any CPU
		{587F8038-6C39-4DEF-8EE9-9E678A7D7D8C}.Release|Any CPU.Build.0 = Release|Any CPU
		{EF6707AC-363E-4DA3-B4D9-A219C52EC557}.Debug|Any CPU.ActiveCfg = Debug|Any CPU
		{EF6707AC-363E-4DA3-B4D9-A219C52EC557}.Debug|Any CPU.Build.0 = Debug|Any CPU
		{EF6707AC-363E-4DA3-B4D9-A219C52EC557}.Release|Any CPU.ActiveCfg = Release|Any CPU
		{EF6707AC-363E-4DA3-B4D9-A219C52EC557}.Release|Any CPU.Build.0 = Release|Any CPU
		{F38FAB57-902B-4910-B011-F6AECAE43C35}.Debug|Any CPU.ActiveCfg = Debug|Any CPU
		{F38FAB57-902B-4910-B011-F6AECAE43C35}.Debug|Any CPU.Build.0 = Debug|Any CPU
		{F38FAB57-902B-4910-B011-F6AECAE43C35}.Release|Any CPU.ActiveCfg = Release|Any CPU
		{F38FAB57-902B-4910-B011-F6AECAE43C35}.Release|Any CPU.Build.0 = Release|Any CPU
		{E91C18EA-8A17-4D10-B503-F69DFE5A3DDC}.Debug|Any CPU.ActiveCfg = Debug|Any CPU
		{E91C18EA-8A17-4D10-B503-F69DFE5A3DDC}.Debug|Any CPU.Build.0 = Debug|Any CPU
		{E91C18EA-8A17-4D10-B503-F69DFE5A3DDC}.Release|Any CPU.ActiveCfg = Release|Any CPU
		{E91C18EA-8A17-4D10-B503-F69DFE5A3DDC}.Release|Any CPU.Build.0 = Release|Any CPU
		{2D38BAF0-EE0C-4D7A-B638-7A3C2887D532}.Debug|Any CPU.ActiveCfg = Debug|Any CPU
		{2D38BAF0-EE0C-4D7A-B638-7A3C2887D532}.Debug|Any CPU.Build.0 = Debug|Any CPU
		{2D38BAF0-EE0C-4D7A-B638-7A3C2887D532}.Release|Any CPU.ActiveCfg = Release|Any CPU
		{2D38BAF0-EE0C-4D7A-B638-7A3C2887D532}.Release|Any CPU.Build.0 = Release|Any CPU
		{E9CB6A3D-7ED7-493B-9FDF-BD52D8718659}.Debug|Any CPU.ActiveCfg = Debug|Any CPU
		{E9CB6A3D-7ED7-493B-9FDF-BD52D8718659}.Debug|Any CPU.Build.0 = Debug|Any CPU
		{E9CB6A3D-7ED7-493B-9FDF-BD52D8718659}.Release|Any CPU.ActiveCfg = Release|Any CPU
		{E9CB6A3D-7ED7-493B-9FDF-BD52D8718659}.Release|Any CPU.Build.0 = Release|Any CPU
		{08C51A1C-B126-4B75-A571-DA4CD36EB675}.Debug|Any CPU.ActiveCfg = Debug|Any CPU
		{08C51A1C-B126-4B75-A571-DA4CD36EB675}.Debug|Any CPU.Build.0 = Debug|Any CPU
		{08C51A1C-B126-4B75-A571-DA4CD36EB675}.Release|Any CPU.ActiveCfg = Release|Any CPU
		{08C51A1C-B126-4B75-A571-DA4CD36EB675}.Release|Any CPU.Build.0 = Release|Any CPU
	EndGlobalSection
	GlobalSection(SolutionProperties) = preSolution
		HideSolutionNode = FALSE
	EndGlobalSection
	GlobalSection(ExtensibilityGlobals) = postSolution
		SolutionGuid = {AF9FC20D-0D21-480B-8EE6-5C1A3D3A2CA9}
	EndGlobalSection
EndGlobal
